
Microsoft Visual Studio Solution File, Format Version 12.00
# Visual Studio Version 17
VisualStudioVersion = 17.4.33103.184
MinimumVisualStudioVersion = 10.0.40219.1
Project("{FAE04EC0-301F-11D3-BF4B-00C04F79EFBC}") = "ProjectCarXmlTranformation", "ProjectCarXmlTranformation\ProjectCarXmlTranformation.csproj", "{EA9961FA-8411-4751-8C7D-EF8AC0283530}"
EndProject
Global
	GlobalSection(SolutionConfigurationPlatforms) = preSolution
		Debug|Any CPU = Debug|Any CPU
		Release|Any CPU = Release|Any CPU
	EndGlobalSection
	GlobalSection(ProjectConfigurationPlatforms) = postSolution
		{EA9961FA-8411-4751-8C7D-EF8AC0283530}.Debug|Any CPU.ActiveCfg = Debug|Any CPU
		{EA9961FA-8411-4751-8C7D-EF8AC0283530}.Debug|Any CPU.Build.0 = Debug|Any CPU
		{EA9961FA-8411-4751-8C7D-EF8AC0283530}.Release|Any CPU.ActiveCfg = Release|Any CPU
		{EA9961FA-8411-4751-8C7D-EF8AC0283530}.Release|Any CPU.Build.0 = Release|Any CPU
	EndGlobalSection
	GlobalSection(SolutionProperties) = preSolution
		HideSolutionNode = FALSE
	EndGlobalSection
	GlobalSection(ExtensibilityGlobals) = postSolution
		SolutionGuid = {BC64E714-7F44-4A69-94C2-63D7CE46815D}
	EndGlobalSection
EndGlobal
