
Microsoft Visual Studio Solution File, Format Version 12.00
# Visual Studio Version 17
VisualStudioVersion = 17.4.33103.184
MinimumVisualStudioVersion = 10.0.40219.1
Project("{FAE04EC0-301F-11D3-BF4B-00C04F79EFBC}") = "Coordinate", "Coordinate\Coordinate.csproj", "{FEB7C515-0540-476C-A5AC-7441757FDFFC}"
EndProject
Global
	GlobalSection(SolutionConfigurationPlatforms) = preSolution
		Debug|Any CPU = Debug|Any CPU
		Release|Any CPU = Release|Any CPU
	EndGlobalSection
	GlobalSection(ProjectConfigurationPlatforms) = postSolution
		{FEB7C515-0540-476C-A5AC-7441757FDFFC}.Debug|Any CPU.ActiveCfg = Debug|Any CPU
		{FEB7C515-0540-476C-A5AC-7441757FDFFC}.Debug|Any CPU.Build.0 = Debug|Any CPU
		{FEB7C515-0540-476C-A5AC-7441757FDFFC}.Release|Any CPU.ActiveCfg = Release|Any CPU
		{FEB7C515-0540-476C-A5AC-7441757FDFFC}.Release|Any CPU.Build.0 = Release|Any CPU
	EndGlobalSection
	GlobalSection(SolutionProperties) = preSolution
		HideSolutionNode = FALSE
	EndGlobalSection
	GlobalSection(ExtensibilityGlobals) = postSolution
		SolutionGuid = {972EC61D-353E-40EA-B7AE-A3BC37918FE7}
	EndGlobalSection
EndGlobal
